# This file is generated by running "yarn install" inside your project.
# Manual changes might be lost - proceed with caution!

__metadata:
  version: 4
  cacheKey: 7

"@types/component-emitter@npm:^1.2.10":
  version: 1.2.10
  resolution: "@types/component-emitter@npm:1.2.10"
  checksum: 868a9a00697df0ce74da77b8fc2c40f1a3ac6f294a828fdc8d9ae3ba62f9a541b472f147d1837dc7dd9d9c1333aa277f9d29c12e4746e6d779e6ce94c4c2f7ac
  languageName: node
  linkType: hard

"@types/node@npm:^14.14.41":
  version: 14.14.44
  resolution: "@types/node@npm:14.14.44"
  checksum: 5c4db716325fc8a25b5b76b800acf0ff00c8fa1e7cfcb764fc79d79594939488cb9d2a756e188eb8e8a36da51e8e2be1ffe859be901b338779cb0aa12ad73b3a
  languageName: node
  linkType: hard

"backo2@npm:~1.0.2":
  version: 1.0.2
  resolution: "backo2@npm:1.0.2"
  checksum: 72f19a0fd2b573f5504adf1f2e74e7658eec000e7732ebd5f622b6b1d520187277a5e8310787906455d02fcf915f35c5c48e54c997bed1a60b95355db8f2ccab
  languageName: node
  linkType: hard

"base64-arraybuffer@npm:0.1.4":
  version: 0.1.4
  resolution: "base64-arraybuffer@npm:0.1.4"
  checksum: be8207c755c206f1053a3ebccb71e48d21d33125df1940d1b176ec26008e521edae8e1aa859b6fb6444b2889e1beec0771274d2f5bc5898d41b35179a55fbe96
  languageName: node
  linkType: hard

"component-emitter@npm:~1.3.0":
  version: 1.3.0
  resolution: "component-emitter@npm:1.3.0"
  checksum: fc4edbf1014f0aed88dcec33ca02d2938734e428423f640d8a3f94975615b8e8c506c19e29b93949637c5a281353e75fa79e299e0d57732f42a9fe346cb2cad6
  languageName: node
  linkType: hard

"debug@npm:~4.3.1":
  version: 4.3.1
  resolution: "debug@npm:4.3.1"
  dependencies:
    ms: 2.1.2
  peerDependenciesMeta:
    supports-color:
      optional: true
  checksum: 0d41ba5177510e8b388dfd7df143ab0f9312e4abdaba312595461511dac88e9ef8101939d33b4e6d37e10341af6a5301082e4d7d6f3deb4d57bc05fc7d296fad
  languageName: node
  linkType: hard

"doge-utils@npm:>=0.0.3":
  version: 0.0.9
  resolution: "doge-utils@npm:0.0.9"
  checksum: 7e1b92f10fab9951b436fa3b8bea9169693399687cd1e3576dfcec01b7071839a316859d74c9ed17d6211dc50d30358eefce1cd34e50869dea3ed12a9a8583a3
  languageName: node
  linkType: hard

"dogehouse.js@workspace:.":
  version: 0.0.0-use.local
  resolution: "dogehouse.js@workspace:."
  dependencies:
    "@types/node": ^14.14.41
    doge-utils: ">=0.0.3"
    iconv-lite: ^0.4.24
    isomorphic-ws: ^4.0.1
    normalize-unicode-text: ^0.0.1
    ocaml-string-convert: ^0.0.4
    reconnecting-websocket: ^4.4.0
    socket.io-client: ^4.0.0
    strip-bom: ^4.0.0
    tiny-typed-emitter: ^2.0.3
  languageName: unknown
  linkType: soft

"engine.io-client@npm:~5.0.0":
  version: 5.0.1
  resolution: "engine.io-client@npm:5.0.1"
  dependencies:
    base64-arraybuffer: 0.1.4
    component-emitter: ~1.3.0
    debug: ~4.3.1
    engine.io-parser: ~4.0.1
    has-cors: 1.1.0
    parseqs: 0.0.6
    parseuri: 0.0.6
    ws: ~7.4.2
    yeast: 0.1.2
  checksum: 4faaabee0e546c34c0d2a019ced3c7ec8e682d7ece0eb81d244317fa7a524a2608bfb392e2175582ce81e2a65e3317417e05e1b0c9ae78fd41cadc485edd53ab
  languageName: node
  linkType: hard

"engine.io-parser@npm:~4.0.1":
  version: 4.0.2
  resolution: "engine.io-parser@npm:4.0.2"
  dependencies:
    base64-arraybuffer: 0.1.4
  checksum: fe5543911fb9451501c062fe6f0965ffd80064036daba4b7dda2190038436fd00875a049194381edd936dc27eaa0e52dca7f4113b0116d962ebd7cfe67247fc1
  languageName: node
  linkType: hard

"fast-text-encoding@npm:^1.0.0":
  version: 1.0.3
  resolution: "fast-text-encoding@npm:1.0.3"
  checksum: f14fb9242fc8ea942d8b6374f84e918aa5e97bbdf3cafbbf737b04f677277a1900cb9914eab601822cc51787dc607bfff5904e646b3fcc82d84081b21261ba87
  languageName: node
  linkType: hard

"has-cors@npm:1.1.0":
  version: 1.1.0
  resolution: "has-cors@npm:1.1.0"
  checksum: c8257cbe3fc1c2f49d293879f0c6873c6fa7ba7be44147f9a9023cc421c7842833c3553f46bdc04459f046c1c74eb9c7a98e63fdd2c7713caaddd26b1b7f9043
  languageName: node
  linkType: hard

"iconv-lite@npm:^0.4.24":
  version: 0.4.24
  resolution: "iconv-lite@npm:0.4.24"
  dependencies:
    safer-buffer: ">= 2.1.2 < 3"
  checksum: a9b9521066ee81853a8561e92bd7240bc5d3b7d5ef7da807a475e7858b0246e318b6af518c30a20a8749ef5eafeaa9631079446e4e696c7b60f468b34dc2cbfc
  languageName: node
  linkType: hard

"isomorphic-ws@npm:^4.0.1":
  version: 4.0.1
  resolution: "isomorphic-ws@npm:4.0.1"
  peerDependencies:
    ws: "*"
  checksum: 9012eec8ea4070a5e1cde4d937cc51e0d3136e53029b4d9c53d551b777ec3f99e9b8d31884c50dcefe0c6d50dd3562d9470c2249c6ff72ebb00b27092adec537
  languageName: node
  linkType: hard

"ms@npm:2.1.2":
  version: 2.1.2
  resolution: "ms@npm:2.1.2"
  checksum: 9b65fb709bc30c0c07289dcbdb61ca032acbb9ea5698b55fa62e2cebb04c5953f1876a1f3f7f4bc2e91d4bf4d86003f3e207c3bc6ee2f716f99827e62389cd0e
  languageName: node
  linkType: hard

"normalize-unicode-text@npm:^0.0.1":
  version: 0.0.1
  resolution: "normalize-unicode-text@npm:0.0.1"
  checksum: bf515b85ca4699dbbe9f5df4b4c756bd66e45cc1e7715762b590f34a97eec4d446c707e0fcd4a6191c49806c1f35bdd19a653c33ad5cfaf7c06a4a2ab83ca5f8
  languageName: node
  linkType: hard

"ocaml-string-convert@npm:^0.0.4":
  version: 0.0.4
  resolution: "ocaml-string-convert@npm:0.0.4"
  dependencies:
    fast-text-encoding: ^1.0.0
  checksum: d60317ea415e6ae5ea546b6489e8ffe470b70525d4909fac3879b03ab546440f9eff1daa9fedaea3ef45e6257e1e1b61eb5106d6a60b63baf5bf63d93b9dc907
  languageName: node
  linkType: hard

"parseqs@npm:0.0.6":
  version: 0.0.6
  resolution: "parseqs@npm:0.0.6"
  checksum: 9e095b898b52a138e5d1e055bf3dd2ab4630b2ac0468dd47ec00695c39683aa28f5b88852a1b4938f9b1109219b5eb63e7ffd567ff7a7fb8932c91697647fe83
  languageName: node
  linkType: hard

"parseuri@npm:0.0.6":
  version: 0.0.6
  resolution: "parseuri@npm:0.0.6"
  checksum: ff7ad178b06748b2999d52852ea0a32d270f92a8926da1cad7550d315e189fce67edac49b476958d13b8cea1fda7b8ac128bfe7d7d78a41772a3278c5c51e057
  languageName: node
  linkType: hard

"reconnecting-websocket@npm:^4.4.0":
  version: 4.4.0
  resolution: "reconnecting-websocket@npm:4.4.0"
  checksum: f87b201847456c7e2cdffd5f283ca1ec4c08cb696ca46580c4443e16132d0e383ae29ce3bed5a590a4904df20345ef0093caa4e08c7b343cd6e9848428f3c67a
  languageName: node
  linkType: hard

"safer-buffer@npm:>= 2.1.2 < 3":
  version: 2.1.2
  resolution: "safer-buffer@npm:2.1.2"
  checksum: 549ba83f5b314b59898efe3422120ce1ca7987a6eae5925a5fa5db930dc414d4a9dde0a5594f89638cd6ea60b6840ea961872908933ac2428d1726489db46fa5
  languageName: node
  linkType: hard

"socket.io-client@npm:^4.0.0":
  version: 4.0.1
  resolution: "socket.io-client@npm:4.0.1"
  dependencies:
    "@types/component-emitter": ^1.2.10
    backo2: ~1.0.2
    component-emitter: ~1.3.0
    debug: ~4.3.1
    engine.io-client: ~5.0.0
    parseuri: 0.0.6
    socket.io-parser: ~4.0.4
  checksum: 9b163f559cc7d1c1898a85227b1f3cfd0d941c69739f3f75c3489f0a898155544e82659379dc71c3169f3157a8b3d0e51ba9225ab93f0d2923654de2ef9da6b9
  languageName: node
  linkType: hard

"socket.io-parser@npm:~4.0.4":
  version: 4.0.4
  resolution: "socket.io-parser@npm:4.0.4"
  dependencies:
    "@types/component-emitter": ^1.2.10
    component-emitter: ~1.3.0
    debug: ~4.3.1
  checksum: ee2ffffa30e11ecebe690291ed91e5f949bf4ab9446ad6659b84488dd4f5908514867970539d32e1d94d4a5596e0d191f2e0ad92f707324cc4753ceb328aea2a
  languageName: node
  linkType: hard

"strip-bom@npm:^4.0.0":
  version: 4.0.0
  resolution: "strip-bom@npm:4.0.0"
  checksum: 25a231aacba2c6ecf37d7389721ff214c7f979e97407c935eeb41f5c5513c80119aada86049408feab74d22e7f1b29d90c942d4d47a4e47868dd16daed035823
  languageName: node
  linkType: hard

"tiny-typed-emitter@npm:^2.0.3":
  version: 2.0.3
  resolution: "tiny-typed-emitter@npm:2.0.3"
  checksum: 03245fe966ccee4b73efcd35a6c8fd39e591e6c7d347e046d2b1f2092006acd13d3db911889195b85fef6e9c0bfac08c996d7af274b1b98f1de9ed932920cd7b
  languageName: node
  linkType: hard

"ws@npm:~7.4.2":
  version: 7.4.5
  resolution: "ws@npm:7.4.5"
  peerDependencies:
    bufferutil: ^4.0.1
    utf-8-validate: ^5.0.2
  peerDependenciesMeta:
    bufferutil:
      optional: true
    utf-8-validate:
      optional: true
  checksum: 20731aa1075336b94677f6741b674469c3c7fce9b70115bb535827c7c108a9d714f0b38ce39289b63c652870f9801afaf096f8aab32da96be62d919e80e4ed32
  languageName: node
  linkType: hard

"yeast@npm:0.1.2":
  version: 0.1.2
  resolution: "yeast@npm:0.1.2"
  checksum: ce326a71c7f25059ef7581121104c21d2837511a95cb44604f9e1825c5722f5b65324fb0b1d20bcfe3975efe45e418106100aa0d0e9fc502f90f3d07d059e177
  languageName: node
  linkType: hard
